// !$*UTF8*$!
{
	archiveVersion = 1;
	classes = {
	};
	objectVersion = 56;
	objects = {

/* Begin PBXBuildFile section */
		EE856F6129F02F2C00A0DD4C /* FavouriteSnacksApp.swift in Sources */ = {isa = PBXBuildFile; fileRef = EE856F6029F02F2C00A0DD4C /* FavouriteSnacksApp.swift */; };
		EE856F6529F02F3100A0DD4C /* Assets.xcassets in Resources */ = {isa = PBXBuildFile; fileRef = EE856F6429F02F3100A0DD4C /* Assets.xcassets */; };
		EE856F6829F02F3100A0DD4C /* Preview Assets.xcassets in Resources */ = {isa = PBXBuildFile; fileRef = EE856F6729F02F3100A0DD4C /* Preview Assets.xcassets */; };
		EE856F7129F030AD00A0DD4C /* FavouriteView.swift in Sources */ = {isa = PBXBuildFile; fileRef = EE856F7029F030AD00A0DD4C /* FavouriteView.swift */; };
		EE856F7429F0324B00A0DD4C /* Blackbird in Frameworks */ = {isa = PBXBuildFile; productRef = EE856F7329F0324B00A0DD4C /* Blackbird */; };
		EE856F7629F03A7700A0DD4C /* FavouriteSnacks.db in Resources */ = {isa = PBXBuildFile; fileRef = EE856F7529F03A7600A0DD4C /* FavouriteSnacks.db */; };
		EE856F7829F0689000A0DD4C /* Favourite.swift in Sources */ = {isa = PBXBuildFile; fileRef = EE856F7729F0689000A0DD4C /* Favourite.swift */; };
		EE856F7B29F0AC4900A0DD4C /* AppDatabase.swift in Sources */ = {isa = PBXBuildFile; fileRef = EE856F7A29F0AC4900A0DD4C /* AppDatabase.swift */; };
		EE856F7D29F0ACAE00A0DD4C /* FavouriteSnacksView.swift in Sources */ = {isa = PBXBuildFile; fileRef = EE856F7C29F0ACAE00A0DD4C /* FavouriteSnacksView.swift */; };
/* End PBXBuildFile section */

/* Begin PBXFileReference section */
		EE856F5D29F02F2C00A0DD4C /* FavouriteSnacks.app */ = {isa = PBXFileReference; explicitFileType = wrapper.application; includeInIndex = 0; path = FavouriteSnacks.app; sourceTree = BUILT_PRODUCTS_DIR; };
		EE856F6029F02F2C00A0DD4C /* FavouriteSnacksApp.swift */ = {isa = PBXFileReference; lastKnownFileType = sourcecode.swift; path = FavouriteSnacksApp.swift; sourceTree = "<group>"; };
		EE856F6429F02F3100A0DD4C /* Assets.xcassets */ = {isa = PBXFileReference; lastKnownFileType = folder.assetcatalog; path = Assets.xcassets; sourceTree = "<group>"; };
		EE856F6729F02F3100A0DD4C /* Preview Assets.xcassets */ = {isa = PBXFileReference; lastKnownFileType = folder.assetcatalog; path = "Preview Assets.xcassets"; sourceTree = "<group>"; };
		EE856F7029F030AD00A0DD4C /* FavouriteView.swift */ = {isa = PBXFileReference; lastKnownFileType = sourcecode.swift; path = FavouriteView.swift; sourceTree = "<group>"; };
		EE856F7529F03A7600A0DD4C /* FavouriteSnacks.db */ = {isa = PBXFileReference; lastKnownFileType = file; name = FavouriteSnacks.db; path = FavouriteSnacks/FavouriteSnacks.db; sourceTree = SOURCE_ROOT; };
		EE856F7729F0689000A0DD4C /* Favourite.swift */ = {isa = PBXFileReference; lastKnownFileType = sourcecode.swift; path = Favourite.swift; sourceTree = "<group>"; };
		EE856F7A29F0AC4900A0DD4C /* AppDatabase.swift */ = {isa = PBXFileReference; lastKnownFileType = sourcecode.swift; path = AppDatabase.swift; sourceTree = "<group>"; };
		EE856F7C29F0ACAE00A0DD4C /* FavouriteSnacksView.swift */ = {isa = PBXFileReference; lastKnownFileType = sourcecode.swift; path = FavouriteSnacksView.swift; sourceTree = "<group>"; };
/* End PBXFileReference section */

/* Begin PBXFrameworksBuildPhase section */
		EE856F5A29F02F2C00A0DD4C /* Frameworks */ = {
			isa = PBXFrameworksBuildPhase;
			buildActionMask = 2147483647;
			files = (
				EE856F7429F0324B00A0DD4C /* Blackbird in Frameworks */,
			);
			runOnlyForDeploymentPostprocessing = 0;
		};
/* End PBXFrameworksBuildPhase section */

/* Begin PBXGroup section */
		EE856F5429F02F2C00A0DD4C = {
			isa = PBXGroup;
			children = (
				EE856F5F29F02F2C00A0DD4C /* FavouriteSnacks */,
				EE856F5E29F02F2C00A0DD4C /* Products */,
			);
			sourceTree = "<group>";
		};
		EE856F5E29F02F2C00A0DD4C /* Products */ = {
			isa = PBXGroup;
			children = (
				EE856F5D29F02F2C00A0DD4C /* FavouriteSnacks.app */,
			);
			name = Products;
			sourceTree = "<group>";
		};
		EE856F5F29F02F2C00A0DD4C /* FavouriteSnacks */ = {
			isa = PBXGroup;
			children = (
				EE856F6029F02F2C00A0DD4C /* FavouriteSnacksApp.swift */,
				EE856F7929F0ABB800A0DD4C /* Helpers */,
				EE856F6F29F0303600A0DD4C /* Model */,
				EE856F6E29F0302D00A0DD4C /* Views */,
				EE856F6429F02F3100A0DD4C /* Assets.xcassets */,
				EE856F6629F02F3100A0DD4C /* Preview Content */,
			);
			path = FavouriteSnacks;
			sourceTree = "<group>";
		};
		EE856F6629F02F3100A0DD4C /* Preview Content */ = {
			isa = PBXGroup;
			children = (
				EE856F6729F02F3100A0DD4C /* Preview Assets.xcassets */,
			);
			path = "Preview Content";
			sourceTree = "<group>";
		};
		EE856F6E29F0302D00A0DD4C /* Views */ = {
			isa = PBXGroup;
			children = (
				EE856F7029F030AD00A0DD4C /* FavouriteView.swift */,
				EE856F7C29F0ACAE00A0DD4C /* FavouriteSnacksView.swift */,
			);
			path = Views;
			sourceTree = "<group>";
		};
		EE856F6F29F0303600A0DD4C /* Model */ = {
			isa = PBXGroup;
			children = (
				EE856F7529F03A7600A0DD4C /* FavouriteSnacks.db */,
				EE856F7729F0689000A0DD4C /* Favourite.swift */,
			);
			path = Model;
			sourceTree = "<group>";
		};
		EE856F7929F0ABB800A0DD4C /* Helpers */ = {
			isa = PBXGroup;
			children = (
				EE856F7A29F0AC4900A0DD4C /* AppDatabase.swift */,
			);
			path = Helpers;
			sourceTree = "<group>";
		};
/* End PBXGroup section */

/* Begin PBXNativeTarget section */
		EE856F5C29F02F2C00A0DD4C /* FavouriteSnacks */ = {
			isa = PBXNativeTarget;
			buildConfigurationList = EE856F6B29F02F3100A0DD4C /* Build configuration list for PBXNativeTarget "FavouriteSnacks" */;
			buildPhases = (
				EE856F5929F02F2C00A0DD4C /* Sources */,
				EE856F5A29F02F2C00A0DD4C /* Frameworks */,
				EE856F5B29F02F2C00A0DD4C /* Resources */,
			);
			buildRules = (
			);
			dependencies = (
			);
			name = FavouriteSnacks;
			packageProductDependencies = (
				EE856F7329F0324B00A0DD4C /* Blackbird */,
			);
			productName = FavouriteSnacks;
			productReference = EE856F5D29F02F2C00A0DD4C /* FavouriteSnacks.app */;
			productType = "com.apple.product-type.application";
		};
/* End PBXNativeTarget section */

/* Begin PBXProject section */
		EE856F5529F02F2C00A0DD4C /* Project object */ = {
			isa = PBXProject;
			attributes = {
				BuildIndependentTargetsInParallel = 1;
				LastSwiftUpdateCheck = 1420;
				LastUpgradeCheck = 1420;
				TargetAttributes = {
					EE856F5C29F02F2C00A0DD4C = {
						CreatedOnToolsVersion = 14.2;
					};
				};
			};
			buildConfigurationList = EE856F5829F02F2C00A0DD4C /* Build configuration list for PBXProject "FavouriteSnacks" */;
			compatibilityVersion = "Xcode 14.0";
			developmentRegion = en;
			hasScannedForEncodings = 0;
			knownRegions = (
				en,
				Base,
			);
			mainGroup = EE856F5429F02F2C00A0DD4C;
			packageReferences = (
				EE856F7229F0324B00A0DD4C /* XCRemoteSwiftPackageReference "Blackbird" */,
			);
			productRefGroup = EE856F5E29F02F2C00A0DD4C /* Products */;
			projectDirPath = "";
			projectRoot = "";
			targets = (
				EE856F5C29F02F2C00A0DD4C /* FavouriteSnacks */,
			);
		};
/* End PBXProject section */

/* Begin PBXResourcesBuildPhase section */
		EE856F5B29F02F2C00A0DD4C /* Resources */ = {
			isa = PBXResourcesBuildPhase;
			buildActionMask = 2147483647;
			files = (
				EE856F6829F02F3100A0DD4C /* Preview Assets.xcassets in Resources */,
				EE856F6529F02F3100A0DD4C /* Assets.xcassets in Resources */,
				EE856F7629F03A7700A0DD4C /* FavouriteSnacks.db in Resources */,
			);
			runOnlyForDeploymentPostprocessing = 0;
		};
/* End PBXResourcesBuildPhase section */

/* Begin PBXSourcesBuildPhase section */
		EE856F5929F02F2C00A0DD4C /* Sources */ = {
			isa = PBXSourcesBuildPhase;
			buildActionMask = 2147483647;
			files = (
				EE856F7829F0689000A0DD4C /* Favourite.swift in Sources */,
				EE856F7D29F0ACAE00A0DD4C /* FavouriteSnacksView.swift in Sources */,
				EE856F7129F030AD00A0DD4C /* FavouriteView.swift in Sources */,
				EE856F7B29F0AC4900A0DD4C /* AppDatabase.swift in Sources */,
				EE856F6129F02F2C00A0DD4C /* FavouriteSnacksApp.swift in Sources */,
			);
			runOnlyForDeploymentPostprocessing = 0;
		};
/* End PBXSourcesBuildPhase section */

/* Begin XCBuildConfiguration section */
		EE856F6929F02F3100A0DD4C /* Debug */ = {
			isa = XCBuildConfiguration;
			buildSettings = {
				ALWAYS_SEARCH_USER_PATHS = NO;
				CLANG_ANALYZER_NONNULL = YES;
				CLANG_ANALYZER_NUMBER_OBJECT_CONVERSION = YES_AGGRESSIVE;
				CLANG_CXX_LANGUAGE_STANDARD = "gnu++20";
				CLANG_ENABLE_MODULES = YES;
				CLANG_ENABLE_OBJC_ARC = YES;
				CLANG_ENABLE_OBJC_WEAK = YES;
				CLANG_WARN_BLOCK_CAPTURE_AUTORELEASING = YES;
				CLANG_WARN_BOOL_CONVERSION = YES;
				CLANG_WARN_COMMA = YES;
				CLANG_WARN_CONSTANT_CONVERSION = YES;
				CLANG_WARN_DEPRECATED_OBJC_IMPLEMENTATIONS = YES;
				CLANG_WARN_DIRECT_OBJC_ISA_USAGE = YES_ERROR;
				CLANG_WARN_DOCUMENTATION_COMMENTS = YES;
				CLANG_WARN_EMPTY_BODY = YES;
				CLANG_WARN_ENUM_CONVERSION = YES;
				CLANG_WARN_INFINITE_RECURSION = YES;
				CLANG_WARN_INT_CONVERSION = YES;
				CLANG_WARN_NON_LITERAL_NULL_CONVERSION = YES;
				CLANG_WARN_OBJC_IMPLICIT_RETAIN_SELF = YES;
				CLANG_WARN_OBJC_LITERAL_CONVERSION = YES;
				CLANG_WARN_OBJC_ROOT_CLASS = YES_ERROR;
				CLANG_WARN_QUOTED_INCLUDE_IN_FRAMEWORK_HEADER = YES;
				CLANG_WARN_RANGE_LOOP_ANALYSIS = YES;
				CLANG_WARN_STRICT_PROTOTYPES = YES;
				CLANG_WARN_SUSPICIOUS_MOVE = YES;
				CLANG_WARN_UNGUARDED_AVAILABILITY = YES_AGGRESSIVE;
				CLANG_WARN_UNREACHABLE_CODE = YES;
				CLANG_WARN__DUPLICATE_METHOD_MATCH = YES;
				COPY_PHASE_STRIP = NO;
				DEBUG_INFORMATION_FORMAT = dwarf;
				ENABLE_STRICT_OBJC_MSGSEND = YES;
				ENABLE_TESTABILITY = YES;
				GCC_C_LANGUAGE_STANDARD = gnu11;
				GCC_DYNAMIC_NO_PIC = NO;
				GCC_NO_COMMON_BLOCKS = YES;
				GCC_OPTIMIZATION_LEVEL = 0;
				GCC_PREPROCESSOR_DEFINITIONS = (
					"DEBUG=1",
					"$(inherited)",
				);
				GCC_WARN_64_TO_32_BIT_CONVERSION = YES;
				GCC_WARN_ABOUT_RETURN_TYPE = YES_ERROR;
				GCC_WARN_UNDECLARED_SELECTOR = YES;
				GCC_WARN_UNINITIALIZED_AUTOS = YES_AGGRESSIVE;
				GCC_WARN_UNUSED_FUNCTION = YES;
				GCC_WARN_UNUSED_VARIABLE = YES;
				IPHONEOS_DEPLOYMENT_TARGET = 16.2;
				MTL_ENABLE_DEBUG_INFO = INCLUDE_SOURCE;
				MTL_FAST_MATH = YES;
				ONLY_ACTIVE_ARCH = YES;
				SDKROOT = iphoneos;
				SWIFT_ACTIVE_COMPILATION_CONDITIONS = DEBUG;
				SWIFT_OPTIMIZATION_LEVEL = "-Onone";
			};
			name = Debug;
		};
		EE856F6A29F02F3100A0DD4C /* Release */ = {
			isa = XCBuildConfiguration;
			buildSettings = {
				ALWAYS_SEARCH_USER_PATHS = NO;
				CLANG_ANALYZER_NONNULL = YES;
				CLANG_ANALYZER_NUMBER_OBJECT_CONVERSION = YES_AGGRESSIVE;
				CLANG_CXX_LANGUAGE_STANDARD = "gnu++20";
				CLANG_ENABLE_MODULES = YES;
				CLANG_ENABLE_OBJC_ARC = YES;
				CLANG_ENABLE_OBJC_WEAK = YES;
				CLANG_WARN_BLOCK_CAPTURE_AUTORELEASING = YES;
				CLANG_WARN_BOOL_CONVERSION = YES;
				CLANG_WARN_COMMA = YES;
				CLANG_WARN_CONSTANT_CONVERSION = YES;
				CLANG_WARN_DEPRECATED_OBJC_IMPLEMENTATIONS = YES;
				CLANG_WARN_DIRECT_OBJC_ISA_USAGE = YES_ERROR;
				CLANG_WARN_DOCUMENTATION_COMMENTS = YES;
				CLANG_WARN_EMPTY_BODY = YES;
				CLANG_WARN_ENUM_CONVERSION = YES;
				CLANG_WARN_INFINITE_RECURSION = YES;
				CLANG_WARN_INT_CONVERSION = YES;
				CLANG_WARN_NON_LITERAL_NULL_CONVERSION = YES;
				CLANG_WARN_OBJC_IMPLICIT_RETAIN_SELF = YES;
				CLANG_WARN_OBJC_LITERAL_CONVERSION = YES;
				CLANG_WARN_OBJC_ROOT_CLASS = YES_ERROR;
				CLANG_WARN_QUOTED_INCLUDE_IN_FRAMEWORK_HEADER = YES;
				CLANG_WARN_RANGE_LOOP_ANALYSIS = YES;
				CLANG_WARN_STRICT_PROTOTYPES = YES;
				CLANG_WARN_SUSPICIOUS_MOVE = YES;
				CLANG_WARN_UNGUARDED_AVAILABILITY = YES_AGGRESSIVE;
				CLANG_WARN_UNREACHABLE_CODE = YES;
				CLANG_WARN__DUPLICATE_METHOD_MATCH = YES;
				COPY_PHASE_STRIP = NO;
				DEBUG_INFORMATION_FORMAT = "dwarf-with-dsym";
				ENABLE_NS_ASSERTIONS = NO;
				ENABLE_STRICT_OBJC_MSGSEND = YES;
				GCC_C_LANGUAGE_STANDARD = gnu11;
				GCC_NO_COMMON_BLOCKS = YES;
				GCC_WARN_64_TO_32_BIT_CONVERSION = YES;
				GCC_WARN_ABOUT_RETURN_TYPE = YES_ERROR;
				GCC_WARN_UNDECLARED_SELECTOR = YES;
				GCC_WARN_UNINITIALIZED_AUTOS = YES_AGGRESSIVE;
				GCC_WARN_UNUSED_FUNCTION = YES;
				GCC_WARN_UNUSED_VARIABLE = YES;
				IPHONEOS_DEPLOYMENT_TARGET = 16.2;
				MTL_ENABLE_DEBUG_INFO = NO;
				MTL_FAST_MATH = YES;
				SDKROOT = iphoneos;
				SWIFT_COMPILATION_MODE = wholemodule;
				SWIFT_OPTIMIZATION_LEVEL = "-O";
				VALIDATE_PRODUCT = YES;
			};
			name = Release;
		};
		EE856F6C29F02F3100A0DD4C /* Debug */ = {
			isa = XCBuildConfiguration;
			buildSettings = {
				ASSETCATALOG_COMPILER_APPICON_NAME = AppIcon;
				ASSETCATALOG_COMPILER_GLOBAL_ACCENT_COLOR_NAME = AccentColor;
				CODE_SIGN_STYLE = Automatic;
				CURRENT_PROJECT_VERSION = 1;
				DEVELOPMENT_ASSET_PATHS = "\"FavouriteSnacks/Preview Content\"";
				DEVELOPMENT_TEAM = 53NXZXG624;
				ENABLE_PREVIEWS = YES;
				GENERATE_INFOPLIST_FILE = YES;
				INFOPLIST_KEY_UIApplicationSceneManifest_Generation = YES;
				INFOPLIST_KEY_UIApplicationSupportsIndirectInputEvents = YES;
				INFOPLIST_KEY_UILaunchScreen_Generation = YES;
				INFOPLIST_KEY_UISupportedInterfaceOrientations_iPad = "UIInterfaceOrientationPortrait UIInterfaceOrientationPortraitUpsideDown UIInterfaceOrientationLandscapeLeft UIInterfaceOrientationLandscapeRight";
				INFOPLIST_KEY_UISupportedInterfaceOrientations_iPhone = "UIInterfaceOrientationPortrait UIInterfaceOrientationLandscapeLeft UIInterfaceOrientationLandscapeRight";
				LD_RUNPATH_SEARCH_PATHS = (
					"$(inherited)",
					"@executable_path/Frameworks",
				);
				MARKETING_VERSION = 1.0;
				PRODUCT_BUNDLE_IDENTIFIER = ca.leongell.FavouriteSnacks;
				PRODUCT_NAME = "$(TARGET_NAME)";
				SWIFT_EMIT_LOC_STRINGS = YES;
				SWIFT_VERSION = 5.0;
				TARGETED_DEVICE_FAMILY = "1,2";
			};
			name = Debug;
		};
		EE856F6D29F02F3100A0DD4C /* Release */ = {
			isa = XCBuildConfiguration;
			buildSettings = {
				ASSETCATALOG_COMPILER_APPICON_NAME = AppIcon;
				ASSETCATALOG_COMPILER_GLOBAL_ACCENT_COLOR_NAME = AccentColor;
				CODE_SIGN_STYLE = Automatic;
				CURRENT_PROJECT_VERSION = 1;
				DEVELOPMENT_ASSET_PATHS = "\"FavouriteSnacks/Preview Content\"";
				DEVELOPMENT_TEAM = 53NXZXG624;
				ENABLE_PREVIEWS = YES;
				GENERATE_INFOPLIST_FILE = YES;
				INFOPLIST_KEY_UIApplicationSceneManifest_Generation = YES;
				INFOPLIST_KEY_UIApplicationSupportsIndirectInputEvents = YES;
				INFOPLIST_KEY_UILaunchScreen_Generation = YES;
				INFOPLIST_KEY_UISupportedInterfaceOrientations_iPad = "UIInterfaceOrientationPortrait UIInterfaceOrientationPortraitUpsideDown UIInterfaceOrientationLandscapeLeft UIInterfaceOrientationLandscapeRight";
				INFOPLIST_KEY_UISupportedInterfaceOrientations_iPhone = "UIInterfaceOrientationPortrait UIInterfaceOrientationLandscapeLeft UIInterfaceOrientationLandscapeRight";
				LD_RUNPATH_SEARCH_PATHS = (
					"$(inherited)",
					"@executable_path/Frameworks",
				);
				MARKETING_VERSION = 1.0;
				PRODUCT_BUNDLE_IDENTIFIER = ca.leongell.FavouriteSnacks;
				PRODUCT_NAME = "$(TARGET_NAME)";
				SWIFT_EMIT_LOC_STRINGS = YES;
				SWIFT_VERSION = 5.0;
				TARGETED_DEVICE_FAMILY = "1,2";
			};
			name = Release;
		};
/* End XCBuildConfiguration section */

/* Begin XCConfigurationList section */
		EE856F5829F02F2C00A0DD4C /* Build configuration list for PBXProject "FavouriteSnacks" */ = {
			isa = XCConfigurationList;
			buildConfigurations = (
				EE856F6929F02F3100A0DD4C /* Debug */,
				EE856F6A29F02F3100A0DD4C /* Release */,
			);
			defaultConfigurationIsVisible = 0;
			defaultConfigurationName = Release;
		};
		EE856F6B29F02F3100A0DD4C /* Build configuration list for PBXNativeTarget "FavouriteSnacks" */ = {
			isa = XCConfigurationList;
			buildConfigurations = (
				EE856F6C29F02F3100A0DD4C /* Debug */,
				EE856F6D29F02F3100A0DD4C /* Release */,
			);
			defaultConfigurationIsVisible = 0;
			defaultConfigurationName = Release;
		};
/* End XCConfigurationList section */

/* Begin XCRemoteSwiftPackageReference section */
		EE856F7229F0324B00A0DD4C /* XCRemoteSwiftPackageReference "Blackbird" */ = {
			isa = XCRemoteSwiftPackageReference;
			repositoryURL = "https://github.com/marcoarment/Blackbird";
			requirement = {
				branch = main;
				kind = branch;
			};
		};
/* End XCRemoteSwiftPackageReference section */

/* Begin XCSwiftPackageProductDependency section */
		EE856F7329F0324B00A0DD4C /* Blackbird */ = {
			isa = XCSwiftPackageProductDependency;
			package = EE856F7229F0324B00A0DD4C /* XCRemoteSwiftPackageReference "Blackbird" */;
			productName = Blackbird;
		};
/* End XCSwiftPackageProductDependency section */
	};
	rootObject = EE856F5529F02F2C00A0DD4C /* Project object */;
}
